
Microsoft Visual Studio Solution File, Format Version 12.00
# Visual Studio Version 17
VisualStudioVersion = 17.9.34622.214
MinimumVisualStudioVersion = 10.0.40219.1
Project("{FAE04EC0-301F-11D3-BF4B-00C04F79EFBC}") = "eTickets", "eTickets\eTickets.csproj", "{13FF3EB6-9C29-4496-8AB6-6A514531657E}"
EndProject
Global
	GlobalSection(SolutionConfigurationPlatforms) = preSolution
		Debug|Any CPU = Debug|Any CPU
		Release|Any CPU = Release|Any CPU
	EndGlobalSection
	GlobalSection(ProjectConfigurationPlatforms) = postSolution
		{13FF3EB6-9C29-4496-8AB6-6A514531657E}.Debug|Any CPU.ActiveCfg = Debug|Any CPU
		{13FF3EB6-9C29-4496-8AB6-6A514531657E}.Debug|Any CPU.Build.0 = Debug|Any CPU
		{13FF3EB6-9C29-4496-8AB6-6A514531657E}.Release|Any CPU.ActiveCfg = Release|Any CPU
		{13FF3EB6-9C29-4496-8AB6-6A514531657E}.Release|Any CPU.Build.0 = Release|Any CPU
	EndGlobalSection
	GlobalSection(SolutionProperties) = preSolution
		HideSolutionNode = FALSE
	EndGlobalSection
	GlobalSection(ExtensibilityGlobals) = postSolution
		SolutionGuid = {04C0FAD1-01BD-42FF-B4F1-A72F7309BFD7}
	EndGlobalSection
EndGlobal
